
Microsoft Visual Studio Solution File, Format Version 12.00
# Visual Studio 15
VisualStudioVersion = 15.0.26124.0
MinimumVisualStudioVersion = 15.0.26124.0
Project("{2150E333-8FDC-42A3-9474-1A3956D46DE8}") = "Solution Items", "Solution Items", "{64AD2A3C-AC4C-481C-B394-4D4FFF3121A7}"
ProjectSection(SolutionItems) = preProject
	.gitignore = .gitignore
	README.md = README.md
	Directory.Build.props = Directory.Build.props
EndProjectSection
EndProject
Project("{FAE04EC0-301F-11D3-BF4B-00C04F79EFBC}") = "Wangkanai.Validation", "src\Wangkanai.Validation.csproj", "{DFBAA3D3-B728-47E1-8361-2C2F995E3026}"
EndProject
Project("{FAE04EC0-301F-11D3-BF4B-00C04F79EFBC}") = "Wangkanai.Validation.Tests", "test\Wangkanai.Validation.Tests.csproj", "{8BE4EA13-AC7E-40AC-AF8E-5C5199DE4555}"
EndProject
Global
	GlobalSection(SolutionConfigurationPlatforms) = preSolution
		Debug|Any CPU = Debug|Any CPU
		Debug|x64 = Debug|x64
		Debug|x86 = Debug|x86
		Release|Any CPU = Release|Any CPU
		Release|x64 = Release|x64
		Release|x86 = Release|x86
	EndGlobalSection
	GlobalSection(SolutionProperties) = preSolution
		HideSolutionNode = FALSE
	EndGlobalSection
	GlobalSection(ProjectConfigurationPlatforms) = postSolution
		{DFBAA3D3-B728-47E1-8361-2C2F995E3026}.Debug|Any CPU.ActiveCfg = Debug|Any CPU
		{DFBAA3D3-B728-47E1-8361-2C2F995E3026}.Debug|Any CPU.Build.0 = Debug|Any CPU
		{DFBAA3D3-B728-47E1-8361-2C2F995E3026}.Debug|x64.ActiveCfg = Debug|Any CPU
		{DFBAA3D3-B728-47E1-8361-2C2F995E3026}.Debug|x64.Build.0 = Debug|Any CPU
		{DFBAA3D3-B728-47E1-8361-2C2F995E3026}.Debug|x86.ActiveCfg = Debug|Any CPU
		{DFBAA3D3-B728-47E1-8361-2C2F995E3026}.Debug|x86.Build.0 = Debug|Any CPU
		{DFBAA3D3-B728-47E1-8361-2C2F995E3026}.Release|Any CPU.ActiveCfg = Release|Any CPU
		{DFBAA3D3-B728-47E1-8361-2C2F995E3026}.Release|Any CPU.Build.0 = Release|Any CPU
		{DFBAA3D3-B728-47E1-8361-2C2F995E3026}.Release|x64.ActiveCfg = Release|Any CPU
		{DFBAA3D3-B728-47E1-8361-2C2F995E3026}.Release|x64.Build.0 = Release|Any CPU
		{DFBAA3D3-B728-47E1-8361-2C2F995E3026}.Release|x86.ActiveCfg = Release|Any CPU
		{DFBAA3D3-B728-47E1-8361-2C2F995E3026}.Release|x86.Build.0 = Release|Any CPU
		{8BE4EA13-AC7E-40AC-AF8E-5C5199DE4555}.Debug|Any CPU.ActiveCfg = Debug|Any CPU
		{8BE4EA13-AC7E-40AC-AF8E-5C5199DE4555}.Debug|Any CPU.Build.0 = Debug|Any CPU
		{8BE4EA13-AC7E-40AC-AF8E-5C5199DE4555}.Debug|x64.ActiveCfg = Debug|Any CPU
		{8BE4EA13-AC7E-40AC-AF8E-5C5199DE4555}.Debug|x64.Build.0 = Debug|Any CPU
		{8BE4EA13-AC7E-40AC-AF8E-5C5199DE4555}.Debug|x86.ActiveCfg = Debug|Any CPU
		{8BE4EA13-AC7E-40AC-AF8E-5C5199DE4555}.Debug|x86.Build.0 = Debug|Any CPU
		{8BE4EA13-AC7E-40AC-AF8E-5C5199DE4555}.Release|Any CPU.ActiveCfg = Release|Any CPU
		{8BE4EA13-AC7E-40AC-AF8E-5C5199DE4555}.Release|Any CPU.Build.0 = Release|Any CPU
		{8BE4EA13-AC7E-40AC-AF8E-5C5199DE4555}.Release|x64.ActiveCfg = Release|Any CPU
		{8BE4EA13-AC7E-40AC-AF8E-5C5199DE4555}.Release|x64.Build.0 = Release|Any CPU
		{8BE4EA13-AC7E-40AC-AF8E-5C5199DE4555}.Release|x86.ActiveCfg = Release|Any CPU
		{8BE4EA13-AC7E-40AC-AF8E-5C5199DE4555}.Release|x86.Build.0 = Release|Any CPU
	EndGlobalSection
EndGlobal
